
Microsoft Visual Studio Solution File, Format Version 12.00
# Visual Studio Version 17
VisualStudioVersion = 17.8.34408.163
MinimumVisualStudioVersion = 10.0.40219.1
Project("{FAE04EC0-301F-11D3-BF4B-00C04F79EFBC}") = "CPE-Platform", "CPE-Platform\CPE-Platform.csproj", "{083BDDF1-946F-42C1-ABE1-E501BC534971}"
EndProject
Global
	GlobalSection(SolutionConfigurationPlatforms) = preSolution
		Debug|Any CPU = Debug|Any CPU
		Release|Any CPU = Release|Any CPU
	EndGlobalSection
	GlobalSection(ProjectConfigurationPlatforms) = postSolution
		{083BDDF1-946F-42C1-ABE1-E501BC534971}.Debug|Any CPU.ActiveCfg = Debug|Any CPU
		{083BDDF1-946F-42C1-ABE1-E501BC534971}.Debug|Any CPU.Build.0 = Debug|Any CPU
		{083BDDF1-946F-42C1-ABE1-E501BC534971}.Release|Any CPU.ActiveCfg = Release|Any CPU
		{083BDDF1-946F-42C1-ABE1-E501BC534971}.Release|Any CPU.Build.0 = Release|Any CPU
	EndGlobalSection
	GlobalSection(SolutionProperties) = preSolution
		HideSolutionNode = FALSE
	EndGlobalSection
	GlobalSection(ExtensibilityGlobals) = postSolution
		SolutionGuid = {9D282695-247B-4A4A-8A8E-580332DE3B33}
	EndGlobalSection
EndGlobal
